
Microsoft Visual Studio Solution File, Format Version 12.00
# Visual Studio Version 17
VisualStudioVersion = 17.3.32804.467
MinimumVisualStudioVersion = 10.0.40219.1
Project("{FAE04EC0-301F-11D3-BF4B-00C04F79EFBC}") = "SessionBasesLogin", "SessionBasesLogin\SessionBasesLogin.csproj", "{82754F57-2B11-469C-ADF3-AE2017141894}"
EndProject
Global
	GlobalSection(SolutionConfigurationPlatforms) = preSolution
		Debug|Any CPU = Debug|Any CPU
		Release|Any CPU = Release|Any CPU
	EndGlobalSection
	GlobalSection(ProjectConfigurationPlatforms) = postSolution
		{82754F57-2B11-469C-ADF3-AE2017141894}.Debug|Any CPU.ActiveCfg = Debug|Any CPU
		{82754F57-2B11-469C-ADF3-AE2017141894}.Debug|Any CPU.Build.0 = Debug|Any CPU
		{82754F57-2B11-469C-ADF3-AE2017141894}.Release|Any CPU.ActiveCfg = Release|Any CPU
		{82754F57-2B11-469C-ADF3-AE2017141894}.Release|Any CPU.Build.0 = Release|Any CPU
	EndGlobalSection
	GlobalSection(SolutionProperties) = preSolution
		HideSolutionNode = FALSE
	EndGlobalSection
	GlobalSection(ExtensibilityGlobals) = postSolution
		SolutionGuid = {9D3D74F7-2986-4457-8DB1-2AA5A1376627}
	EndGlobalSection
EndGlobal
