
Microsoft Visual Studio Solution File, Format Version 12.00
# Visual Studio Version 17
VisualStudioVersion = 17.3.32804.467
MinimumVisualStudioVersion = 10.0.40219.1
Project("{9A19103F-16F7-4668-BE54-9A1E7A4F7556}") = "passByValue", "passByValue\passByValue.csproj", "{FE191BB9-CD2D-448E-A362-6E6FB5422881}"
EndProject
Project("{9A19103F-16F7-4668-BE54-9A1E7A4F7556}") = "passbyref", "passbyref\passbyref.csproj", "{2164547E-6255-4036-8339-3A3DFCE41E8C}"
EndProject
Project("{FAE04EC0-301F-11D3-BF4B-00C04F79EFBC}") = "Method_Hiding", "Method_Hiding\Method_Hiding.csproj", "{5863BA70-D1F0-4A8C-BE7E-EF09BB9FF19A}"
EndProject
Project("{FAE04EC0-301F-11D3-BF4B-00C04F79EFBC}") = "Method_Overriding", "Method_Overriding\Method_Overriding.csproj", "{06B601A0-B4CD-426B-9557-3498900044A4}"
EndProject
Project("{FAE04EC0-301F-11D3-BF4B-00C04F79EFBC}") = "Indexers", "Indexers\Indexers.csproj", "{F60D1B6C-36FC-4253-9DAA-129FD3B5B91C}"
EndProject
Project("{FAE04EC0-301F-11D3-BF4B-00C04F79EFBC}") = "delegates", "delegates\delegates.csproj", "{A30B242A-BF68-43B1-BDB7-2FA9E3E43358}"
EndProject
Global
	GlobalSection(SolutionConfigurationPlatforms) = preSolution
		Debug|Any CPU = Debug|Any CPU
		Release|Any CPU = Release|Any CPU
	EndGlobalSection
	GlobalSection(ProjectConfigurationPlatforms) = postSolution
		{FE191BB9-CD2D-448E-A362-6E6FB5422881}.Debug|Any CPU.ActiveCfg = Debug|Any CPU
		{FE191BB9-CD2D-448E-A362-6E6FB5422881}.Debug|Any CPU.Build.0 = Debug|Any CPU
		{FE191BB9-CD2D-448E-A362-6E6FB5422881}.Release|Any CPU.ActiveCfg = Release|Any CPU
		{FE191BB9-CD2D-448E-A362-6E6FB5422881}.Release|Any CPU.Build.0 = Release|Any CPU
		{2164547E-6255-4036-8339-3A3DFCE41E8C}.Debug|Any CPU.ActiveCfg = Debug|Any CPU
		{2164547E-6255-4036-8339-3A3DFCE41E8C}.Debug|Any CPU.Build.0 = Debug|Any CPU
		{2164547E-6255-4036-8339-3A3DFCE41E8C}.Release|Any CPU.ActiveCfg = Release|Any CPU
		{2164547E-6255-4036-8339-3A3DFCE41E8C}.Release|Any CPU.Build.0 = Release|Any CPU
		{5863BA70-D1F0-4A8C-BE7E-EF09BB9FF19A}.Debug|Any CPU.ActiveCfg = Debug|Any CPU
		{5863BA70-D1F0-4A8C-BE7E-EF09BB9FF19A}.Debug|Any CPU.Build.0 = Debug|Any CPU
		{5863BA70-D1F0-4A8C-BE7E-EF09BB9FF19A}.Release|Any CPU.ActiveCfg = Release|Any CPU
		{5863BA70-D1F0-4A8C-BE7E-EF09BB9FF19A}.Release|Any CPU.Build.0 = Release|Any CPU
		{06B601A0-B4CD-426B-9557-3498900044A4}.Debug|Any CPU.ActiveCfg = Debug|Any CPU
		{06B601A0-B4CD-426B-9557-3498900044A4}.Debug|Any CPU.Build.0 = Debug|Any CPU
		{06B601A0-B4CD-426B-9557-3498900044A4}.Release|Any CPU.ActiveCfg = Release|Any CPU
		{06B601A0-B4CD-426B-9557-3498900044A4}.Release|Any CPU.Build.0 = Release|Any CPU
		{F60D1B6C-36FC-4253-9DAA-129FD3B5B91C}.Debug|Any CPU.ActiveCfg = Debug|Any CPU
		{F60D1B6C-36FC-4253-9DAA-129FD3B5B91C}.Debug|Any CPU.Build.0 = Debug|Any CPU
		{F60D1B6C-36FC-4253-9DAA-129FD3B5B91C}.Release|Any CPU.ActiveCfg = Release|Any CPU
		{F60D1B6C-36FC-4253-9DAA-129FD3B5B91C}.Release|Any CPU.Build.0 = Release|Any CPU
		{A30B242A-BF68-43B1-BDB7-2FA9E3E43358}.Debug|Any CPU.ActiveCfg = Debug|Any CPU
		{A30B242A-BF68-43B1-BDB7-2FA9E3E43358}.Debug|Any CPU.Build.0 = Debug|Any CPU
		{A30B242A-BF68-43B1-BDB7-2FA9E3E43358}.Release|Any CPU.ActiveCfg = Release|Any CPU
		{A30B242A-BF68-43B1-BDB7-2FA9E3E43358}.Release|Any CPU.Build.0 = Release|Any CPU
	EndGlobalSection
	GlobalSection(SolutionProperties) = preSolution
		HideSolutionNode = FALSE
	EndGlobalSection
	GlobalSection(ExtensibilityGlobals) = postSolution
		SolutionGuid = {83133B95-C19E-4184-A84C-5E7711EBC9F6}
	EndGlobalSection
EndGlobal
